{
  "name": "moodify",
  "lockfileVersion": 3,
  "requires": true,
  "packages": {
    "": {
      "devDependencies": {
        "@openai/codex": "^0.66.0"
      }
    },
    "node_modules/@openai/codex": {
      "version": "0.66.0",
      "resolved": "https://registry.npmjs.org/@openai/codex/-/codex-0.66.0.tgz",
      "integrity": "sha512-J87q0jGObDbMdwD+OBjwyKUhtADoGucgnxPVHYfT7DVrumhBbg5wPtCAiAm23NxZW39NsHAjNB1ybXkLIuvvSw==",
      "dev": true,
      "license": "Apache-2.0",
      "bin": {
        "codex": "bin/codex.js"
      },
      "engines": {
        "node": ">=16"
      }
    }
  }
}
